{
  "name": "sayhellotome",
  "version": "1.0.0",
  "lockfileVersion": 3,
  "requires": true,
  "packages": {
    "": {
      "name": "sayhellotome",
      "version": "1.0.0",
      "license": "ISC",
      "dependencies": {
        "sayhellotome": "^1.0.0"
      },
      "bin": {
        "greet": "greet.js"
      }
    },
    "node_modules/sayhellotome": {
      "version": "1.0.0",
      "resolved": "https://registry.npmjs.org/sayhellotome/-/sayhellotome-1.0.0.tgz",
      "integrity": "sha512-6yQ813KDCVWise6ILzDbUSn/f+E+iPM3Kpb8DzLgbbsw5HmW/3lxzBpzLA76yH42HeF4rw2RB3vJcFqqaS5tjA==",
      "bin": {
        "greet": "greet.js"
      }
    }
  }
}
